
Microsoft Visual Studio Solution File, Format Version 12.00
# Visual Studio Version 16
VisualStudioVersion = 16.0.31702.278
MinimumVisualStudioVersion = 10.0.40219.1
Project("{FAE04EC0-301F-11D3-BF4B-00C04F79EFBC}") = "TestWebsite", "TestWebsite.csproj", "{97076FC8-7DF3-46F5-9613-A9B83D89224E}"
EndProject
Global
	GlobalSection(SolutionConfigurationPlatforms) = preSolution
		Debug|Any CPU = Debug|Any CPU
		Release|Any CPU = Release|Any CPU
	EndGlobalSection
	GlobalSection(ProjectConfigurationPlatforms) = postSolution
		{97076FC8-7DF3-46F5-9613-A9B83D89224E}.Debug|Any CPU.ActiveCfg = Debug|Any CPU
		{97076FC8-7DF3-46F5-9613-A9B83D89224E}.Debug|Any CPU.Build.0 = Debug|Any CPU
		{97076FC8-7DF3-46F5-9613-A9B83D89224E}.Release|Any CPU.ActiveCfg = Release|Any CPU
		{97076FC8-7DF3-46F5-9613-A9B83D89224E}.Release|Any CPU.Build.0 = Release|Any CPU
	EndGlobalSection
	GlobalSection(SolutionProperties) = preSolution
		HideSolutionNode = FALSE
	EndGlobalSection
	GlobalSection(ExtensibilityGlobals) = postSolution
		SolutionGuid = {54EFC426-6C6C-4DC4-93D8-0F9C1735B167}
	EndGlobalSection
EndGlobal
